
Microsoft Visual Studio Solution File, Format Version 12.00
# Visual Studio Version 17
VisualStudioVersion = 17.2.32519.379
MinimumVisualStudioVersion = 10.0.40219.1
Project("{FAE04EC0-301F-11D3-BF4B-00C04F79EFBC}") = "4.2", "4.2\4.2.csproj", "{FC813547-FCE8-4731-854E-3E0D3E9568A3}"
EndProject
Global
	GlobalSection(SolutionConfigurationPlatforms) = preSolution
		Debug|Any CPU = Debug|Any CPU
		Release|Any CPU = Release|Any CPU
	EndGlobalSection
	GlobalSection(ProjectConfigurationPlatforms) = postSolution
		{FC813547-FCE8-4731-854E-3E0D3E9568A3}.Debug|Any CPU.ActiveCfg = Debug|Any CPU
		{FC813547-FCE8-4731-854E-3E0D3E9568A3}.Debug|Any CPU.Build.0 = Debug|Any CPU
		{FC813547-FCE8-4731-854E-3E0D3E9568A3}.Release|Any CPU.ActiveCfg = Release|Any CPU
		{FC813547-FCE8-4731-854E-3E0D3E9568A3}.Release|Any CPU.Build.0 = Release|Any CPU
	EndGlobalSection
	GlobalSection(SolutionProperties) = preSolution
		HideSolutionNode = FALSE
	EndGlobalSection
	GlobalSection(ExtensibilityGlobals) = postSolution
		SolutionGuid = {BEC6A59D-B2BD-4CE0-BA3C-EAA248AA3EAE}
	EndGlobalSection
EndGlobal
